Microsoft Visual Studio Solution File, Format Version 12.00
# Visual Studio 15
VisualStudioVersion = 15.0.28307.168
MinimumVisualStudioVersion = 10.0.40219.1
Project("{FAE04EC0-301F-11D3-BF4B-00C04F79EFBC}") = "ApplitoolsTutorial", "ApplitoolsTutorial\ApplitoolsTutorial.csproj", "{E2A51DD0-EB96-4E33-90B3-679B912B0337}"
EndProject
Global
	GlobalSection(SolutionConfigurationPlatforms) = preSolution
		Debug|x86 = Debug|x86
		Release|x86 = Release|x86
	EndGlobalSection
	GlobalSection(ProjectConfigurationPlatforms) = postSolution
		{E2A51DD0-EB96-4E33-90B3-679B912B0337}.Debug|x86.ActiveCfg = Debug|Any CPU
		{E2A51DD0-EB96-4E33-90B3-679B912B0337}.Debug|x86.Build.0 = Debug|Any CPU
		{E2A51DD0-EB96-4E33-90B3-679B912B0337}.Release|x86.ActiveCfg = Release|Any CPU
		{E2A51DD0-EB96-4E33-90B3-679B912B0337}.Release|x86.Build.0 = Release|Any CPU
	EndGlobalSection
	GlobalSection(SolutionProperties) = preSolution
		HideSolutionNode = FALSE
	EndGlobalSection
	GlobalSection(ExtensibilityGlobals) = postSolution
		SolutionGuid = {9D3ABCDC-4A7E-4485-A93C-35338E785666}
	EndGlobalSection
EndGlobal
